
Microsoft Visual Studio Solution File, Format Version 12.00
# Visual Studio Version 16
VisualStudioVersion = 16.0.32106.194
MinimumVisualStudioVersion = 10.0.40219.1
Project("{8BC9CEB8-8B4A-11D0-8D11-00A0C91BC942}") = "part01", "part01\part01.vcxproj", "{33BF4128-CE2C-4230-9BD6-2C1A9C75B434}"
EndProject
Project("{8BC9CEB8-8B4A-11D0-8D11-00A0C91BC942}") = "part02", "part02\part02.vcxproj", "{9BCEFF67-4EF1-4F14-85AF-0992895078CD}"
EndProject
Project("{8BC9CEB8-8B4A-11D0-8D11-00A0C91BC942}") = "part03", "part03\part03.vcxproj", "{A5CBB638-18B1-4C29-81B7-59E0DDCA2DC3}"
EndProject
Project("{8BC9CEB8-8B4A-11D0-8D11-00A0C91BC942}") = "part04", "part04\part04.vcxproj", "{CF21FA98-C2D7-49F1-AEB3-7E5285B16B35}"
EndProject
Project("{8BC9CEB8-8B4A-11D0-8D11-00A0C91BC942}") = "part05~06~07", "part05~06~07\part05~06~07.vcxproj", "{50CEEF04-EDC5-4FDC-8F77-551B9D3DDE67}"
EndProject
Project("{8BC9CEB8-8B4A-11D0-8D11-00A0C91BC942}") = "SetSuperWebConfig", "SetSuperWebConfig\SetSuperWebConfig.vcxproj", "{6A5D1C41-1BC0-40B7-A712-CFA835B9DFF6}"
EndProject
Project("{8BC9CEB8-8B4A-11D0-8D11-00A0C91BC942}") = "part08~09~10", "part08~09~10\part08~09~10.vcxproj", "{32ED020E-0EE0-4807-BCE1-6BAE3E212886}"
EndProject
Project("{8BC9CEB8-8B4A-11D0-8D11-00A0C91BC942}") = "part11~12", "part11~12\part11~12.vcxproj", "{89F21777-17D3-4D89-B0DA-97CB205F56C2}"
EndProject
Project("{8BC9CEB8-8B4A-11D0-8D11-00A0C91BC942}") = "part13~14~15", "part13~14~15\part13~14~15.vcxproj", "{D5108A5D-820A-40BD-A4D1-06121F91CB67}"
EndProject
Global
	GlobalSection(SolutionConfigurationPlatforms) = preSolution
		Debug|x64 = Debug|x64
		Debug|x86 = Debug|x86
		Release|x64 = Release|x64
		Release|x86 = Release|x86
	EndGlobalSection
	GlobalSection(ProjectConfigurationPlatforms) = postSolution
		{33BF4128-CE2C-4230-9BD6-2C1A9C75B434}.Debug|x64.ActiveCfg = Debug|x64
		{33BF4128-CE2C-4230-9BD6-2C1A9C75B434}.Debug|x64.Build.0 = Debug|x64
		{33BF4128-CE2C-4230-9BD6-2C1A9C75B434}.Debug|x86.ActiveCfg = Debug|Win32
		{33BF4128-CE2C-4230-9BD6-2C1A9C75B434}.Debug|x86.Build.0 = Debug|Win32
		{33BF4128-CE2C-4230-9BD6-2C1A9C75B434}.Release|x64.ActiveCfg = Release|x64
		{33BF4128-CE2C-4230-9BD6-2C1A9C75B434}.Release|x64.Build.0 = Release|x64
		{33BF4128-CE2C-4230-9BD6-2C1A9C75B434}.Release|x86.ActiveCfg = Release|Win32
		{33BF4128-CE2C-4230-9BD6-2C1A9C75B434}.Release|x86.Build.0 = Release|Win32
		{9BCEFF67-4EF1-4F14-85AF-0992895078CD}.Debug|x64.ActiveCfg = Debug|x64
		{9BCEFF67-4EF1-4F14-85AF-0992895078CD}.Debug|x64.Build.0 = Debug|x64
		{9BCEFF67-4EF1-4F14-85AF-0992895078CD}.Debug|x86.ActiveCfg = Debug|Win32
		{9BCEFF67-4EF1-4F14-85AF-0992895078CD}.Debug|x86.Build.0 = Debug|Win32
		{9BCEFF67-4EF1-4F14-85AF-0992895078CD}.Release|x64.ActiveCfg = Release|x64
		{9BCEFF67-4EF1-4F14-85AF-0992895078CD}.Release|x64.Build.0 = Release|x64
		{9BCEFF67-4EF1-4F14-85AF-0992895078CD}.Release|x86.ActiveCfg = Release|Win32
		{9BCEFF67-4EF1-4F14-85AF-0992895078CD}.Release|x86.Build.0 = Release|Win32
		{A5CBB638-18B1-4C29-81B7-59E0DDCA2DC3}.Debug|x64.ActiveCfg = Debug|x64
		{A5CBB638-18B1-4C29-81B7-59E0DDCA2DC3}.Debug|x64.Build.0 = Debug|x64
		{A5CBB638-18B1-4C29-81B7-59E0DDCA2DC3}.Debug|x86.ActiveCfg = Debug|Win32
		{A5CBB638-18B1-4C29-81B7-59E0DDCA2DC3}.Debug|x86.Build.0 = Debug|Win32
		{A5CBB638-18B1-4C29-81B7-59E0DDCA2DC3}.Release|x64.ActiveCfg = Release|x64
		{A5CBB638-18B1-4C29-81B7-59E0DDCA2DC3}.Release|x64.Build.0 = Release|x64
		{A5CBB638-18B1-4C29-81B7-59E0DDCA2DC3}.Release|x86.ActiveCfg = Release|Win32
		{A5CBB638-18B1-4C29-81B7-59E0DDCA2DC3}.Release|x86.Build.0 = Release|Win32
		{CF21FA98-C2D7-49F1-AEB3-7E5285B16B35}.Debug|x64.ActiveCfg = Debug|x64
		{CF21FA98-C2D7-49F1-AEB3-7E5285B16B35}.Debug|x64.Build.0 = Debug|x64
		{CF21FA98-C2D7-49F1-AEB3-7E5285B16B35}.Debug|x86.ActiveCfg = Debug|Win32
		{CF21FA98-C2D7-49F1-AEB3-7E5285B16B35}.Debug|x86.Build.0 = Debug|Win32
		{CF21FA98-C2D7-49F1-AEB3-7E5285B16B35}.Release|x64.ActiveCfg = Release|x64
		{CF21FA98-C2D7-49F1-AEB3-7E5285B16B35}.Release|x64.Build.0 = Release|x64
		{CF21FA98-C2D7-49F1-AEB3-7E5285B16B35}.Release|x86.ActiveCfg = Release|Win32
		{CF21FA98-C2D7-49F1-AEB3-7E5285B16B35}.Release|x86.Build.0 = Release|Win32
		{50CEEF04-EDC5-4FDC-8F77-551B9D3DDE67}.Debug|x64.ActiveCfg = Debug|x64
		{50CEEF04-EDC5-4FDC-8F77-551B9D3DDE67}.Debug|x64.Build.0 = Debug|x64
		{50CEEF04-EDC5-4FDC-8F77-551B9D3DDE67}.Debug|x86.ActiveCfg = Debug|Win32
		{50CEEF04-EDC5-4FDC-8F77-551B9D3DDE67}.Debug|x86.Build.0 = Debug|Win32
		{50CEEF04-EDC5-4FDC-8F77-551B9D3DDE67}.Release|x64.ActiveCfg = Release|x64
		{50CEEF04-EDC5-4FDC-8F77-551B9D3DDE67}.Release|x64.Build.0 = Release|x64
		{50CEEF04-EDC5-4FDC-8F77-551B9D3DDE67}.Release|x86.ActiveCfg = Release|Win32
		{50CEEF04-EDC5-4FDC-8F77-551B9D3DDE67}.Release|x86.Build.0 = Release|Win32
		{6A5D1C41-1BC0-40B7-A712-CFA835B9DFF6}.Debug|x64.ActiveCfg = Debug|x64
		{6A5D1C41-1BC0-40B7-A712-CFA835B9DFF6}.Debug|x64.Build.0 = Debug|x64
		{6A5D1C41-1BC0-40B7-A712-CFA835B9DFF6}.Debug|x86.ActiveCfg = Debug|Win32
		{6A5D1C41-1BC0-40B7-A712-CFA835B9DFF6}.Debug|x86.Build.0 = Debug|Win32
		{6A5D1C41-1BC0-40B7-A712-CFA835B9DFF6}.Release|x64.ActiveCfg = Release|x64
		{6A5D1C41-1BC0-40B7-A712-CFA835B9DFF6}.Release|x64.Build.0 = Release|x64
		{6A5D1C41-1BC0-40B7-A712-CFA835B9DFF6}.Release|x86.ActiveCfg = Release|Win32
		{6A5D1C41-1BC0-40B7-A712-CFA835B9DFF6}.Release|x86.Build.0 = Release|Win32
		{32ED020E-0EE0-4807-BCE1-6BAE3E212886}.Debug|x64.ActiveCfg = Debug|x64
		{32ED020E-0EE0-4807-BCE1-6BAE3E212886}.Debug|x64.Build.0 = Debug|x64
		{32ED020E-0EE0-4807-BCE1-6BAE3E212886}.Debug|x86.ActiveCfg = Debug|Win32
		{32ED020E-0EE0-4807-BCE1-6BAE3E212886}.Debug|x86.Build.0 = Debug|Win32
		{32ED020E-0EE0-4807-BCE1-6BAE3E212886}.Release|x64.ActiveCfg = Release|x64
		{32ED020E-0EE0-4807-BCE1-6BAE3E212886}.Release|x64.Build.0 = Release|x64
		{32ED020E-0EE0-4807-BCE1-6BAE3E212886}.Release|x86.ActiveCfg = Release|Win32
		{32ED020E-0EE0-4807-BCE1-6BAE3E212886}.Release|x86.Build.0 = Release|Win32
		{89F21777-17D3-4D89-B0DA-97CB205F56C2}.Debug|x64.ActiveCfg = Debug|x64
		{89F21777-17D3-4D89-B0DA-97CB205F56C2}.Debug|x64.Build.0 = Debug|x64
		{89F21777-17D3-4D89-B0DA-97CB205F56C2}.Debug|x86.ActiveCfg = Debug|Win32
		{89F21777-17D3-4D89-B0DA-97CB205F56C2}.Debug|x86.Build.0 = Debug|Win32
		{89F21777-17D3-4D89-B0DA-97CB205F56C2}.Release|x64.ActiveCfg = Release|x64
		{89F21777-17D3-4D89-B0DA-97CB205F56C2}.Release|x64.Build.0 = Release|x64
		{89F21777-17D3-4D89-B0DA-97CB205F56C2}.Release|x86.ActiveCfg = Release|Win32
		{89F21777-17D3-4D89-B0DA-97CB205F56C2}.Release|x86.Build.0 = Release|Win32
		{D5108A5D-820A-40BD-A4D1-06121F91CB67}.Debug|x64.ActiveCfg = Debug|x64
		{D5108A5D-820A-40BD-A4D1-06121F91CB67}.Debug|x64.Build.0 = Debug|x64
		{D5108A5D-820A-40BD-A4D1-06121F91CB67}.Debug|x86.ActiveCfg = Debug|Win32
		{D5108A5D-820A-40BD-A4D1-06121F91CB67}.Debug|x86.Build.0 = Debug|Win32
		{D5108A5D-820A-40BD-A4D1-06121F91CB67}.Release|x64.ActiveCfg = Release|x64
		{D5108A5D-820A-40BD-A4D1-06121F91CB67}.Release|x64.Build.0 = Release|x64
		{D5108A5D-820A-40BD-A4D1-06121F91CB67}.Release|x86.ActiveCfg = Release|Win32
		{D5108A5D-820A-40BD-A4D1-06121F91CB67}.Release|x86.Build.0 = Release|Win32
	EndGlobalSection
	GlobalSection(SolutionProperties) = preSolution
		HideSolutionNode = FALSE
	EndGlobalSection
	GlobalSection(ExtensibilityGlobals) = postSolution
		SolutionGuid = {84F46CB2-8422-4646-B0C8-8BC027C04945}
	EndGlobalSection
EndGlobal
